// !$*UTF8*$!
{
	archiveVersion = 1;
	classes = {
	};
	objectVersion = 50;
	objects = {

/* Begin PBXBuildFile section */
		EDFE9EB122521BC7008AE763 /* AppDelegate.swift in Sources */ = {isa = PBXBuildFile; fileRef = EDFE9EB022521BC7008AE763 /* AppDelegate.swift */; };
		EDFE9EB322521BC7008AE763 /* ViewController.swift in Sources */ = {isa = PBXBuildFile; fileRef = EDFE9EB222521BC7008AE763 /* ViewController.swift */; };
		EDFE9EB622521BC7008AE763 /* Main.storyboard in Resources */ = {isa = PBXBuildFile; fileRef = EDFE9EB422521BC7008AE763 /* Main.storyboard */; };
		EDFE9EB822521BC8008AE763 /* Assets.xcassets in Resources */ = {isa = PBXBuildFile; fileRef = EDFE9EB722521BC8008AE763 /* Assets.xcassets */; };
		EDFE9EBB22521BC8008AE763 /* LaunchScreen.storyboard in Resources */ = {isa = PBXBuildFile; fileRef = EDFE9EB922521BC8008AE763 /* LaunchScreen.storyboard */; };
/* End PBXBuildFile section */

/* Begin PBXFileReference section */
		EDFE9EAD22521BC7008AE763 /* Pet Recognizer.app */ = {isa = PBXFileReference; explicitFileType = wrapper.application; includeInIndex = 0; path = "Pet Recognizer.app"; sourceTree = BUILT_PRODUCTS_DIR; };
		EDFE9EB022521BC7008AE763 /* AppDelegate.swift */ = {isa = PBXFileReference; lastKnownFileType = sourcecode.swift; path = AppDelegate.swift; sourceTree = "<group>"; };
		EDFE9EB222521BC7008AE763 /* ViewController.swift */ = {isa = PBXFileReference; lastKnownFileType = sourcecode.swift; path = ViewController.swift; sourceTree = "<group>"; };
		EDFE9EB522521BC7008AE763 /* Base */ = {isa = PBXFileReference; lastKnownFileType = file.storyboard; name = Base; path = Base.lproj/Main.storyboard; sourceTree = "<group>"; };
		EDFE9EB722521BC8008AE763 /* Assets.xcassets */ = {isa = PBXFileReference; lastKnownFileType = folder.assetcatalog; path = Assets.xcassets; sourceTree = "<group>"; };
		EDFE9EBA22521BC8008AE763 /* Base */ = {isa = PBXFileReference; lastKnownFileType = file.storyboard; name = Base; path = Base.lproj/LaunchScreen.storyboard; sourceTree = "<group>"; };
		EDFE9EBC22521BC8008AE763 /* Info.plist */ = {isa = PBXFileReference; lastKnownFileType = text.plist.xml; path = Info.plist; sourceTree = "<group>"; };
/* End PBXFileReference section */

/* Begin PBXFrameworksBuildPhase section */
		EDFE9EAA22521BC7008AE763 /* Frameworks */ = {
			isa = PBXFrameworksBuildPhase;
			buildActionMask = 2147483647;
			files = (
			);
			runOnlyForDeploymentPostprocessing = 0;
		};
/* End PBXFrameworksBuildPhase section */

/* Begin PBXGroup section */
		EDFE9EA422521BC7008AE763 = {
			isa = PBXGroup;
			children = (
				EDFE9EAF22521BC7008AE763 /* Pet Recognizer */,
				EDFE9EAE22521BC7008AE763 /* Products */,
			);
			sourceTree = "<group>";
		};
		EDFE9EAE22521BC7008AE763 /* Products */ = {
			isa = PBXGroup;
			children = (
				EDFE9EAD22521BC7008AE763 /* Pet Recognizer.app */,
			);
			name = Products;
			sourceTree = "<group>";
		};
		EDFE9EAF22521BC7008AE763 /* Pet Recognizer */ = {
			isa = PBXGroup;
			children = (
				EDFE9EB022521BC7008AE763 /* AppDelegate.swift */,
				EDFE9EB222521BC7008AE763 /* ViewController.swift */,
				EDFE9EB422521BC7008AE763 /* Main.storyboard */,
				EDFE9EB722521BC8008AE763 /* Assets.xcassets */,
				EDFE9EB922521BC8008AE763 /* LaunchScreen.storyboard */,
				EDFE9EBC22521BC8008AE763 /* Info.plist */,
			);
			path = "Pet Recognizer";
			sourceTree = "<group>";
		};
/* End PBXGroup section */

/* Begin PBXNativeTarget section */
		EDFE9EAC22521BC7008AE763 /* Pet Recognizer */ = {
			isa = PBXNativeTarget;
			buildConfigurationList = EDFE9EBF22521BC8008AE763 /* Build configuration list for PBXNativeTarget "Pet Recognizer" */;
			buildPhases = (
				EDFE9EA922521BC7008AE763 /* Sources */,
				EDFE9EAA22521BC7008AE763 /* Frameworks */,
				EDFE9EAB22521BC7008AE763 /* Resources */,
			);
			buildRules = (
			);
			dependencies = (
			);
			name = "Pet Recognizer";
			productName = "Pet Recognizer";
			productReference = EDFE9EAD22521BC7008AE763 /* Pet Recognizer.app */;
			productType = "com.apple.product-type.application";
		};
/* End PBXNativeTarget section */

/* Begin PBXProject section */
		EDFE9EA522521BC7008AE763 /* Project object */ = {
			isa = PBXProject;
			attributes = {
				LastSwiftUpdateCheck = 1010;
				LastUpgradeCheck = 1010;
				ORGANIZATIONNAME = "Jorge Giannotta";
				TargetAttributes = {
					EDFE9EAC22521BC7008AE763 = {
						CreatedOnToolsVersion = 10.1;
					};
				};
			};
			buildConfigurationList = EDFE9EA822521BC7008AE763 /* Build configuration list for PBXProject "Pet Recognizer" */;
			compatibilityVersion = "Xcode 9.3";
			developmentRegion = en;
			hasScannedForEncodings = 0;
			knownRegions = (
				en,
				Base,
			);
			mainGroup = EDFE9EA422521BC7008AE763;
			productRefGroup = EDFE9EAE22521BC7008AE763 /* Products */;
			projectDirPath = "";
			projectRoot = "";
			targets = (
				EDFE9EAC22521BC7008AE763 /* Pet Recognizer */,
			);
		};
/* End PBXProject section */

/* Begin PBXResourcesBuildPhase section */
		EDFE9EAB22521BC7008AE763 /* Resources */ = {
			isa = PBXResourcesBuildPhase;
			buildActionMask = 2147483647;
			files = (
				EDFE9EBB22521BC8008AE763 /* LaunchScreen.storyboard in Resources */,
				EDFE9EB822521BC8008AE763 /* Assets.xcassets in Resources */,
				EDFE9EB622521BC7008AE763 /* Main.storyboard in Resources */,
			);
			runOnlyForDeploymentPostprocessing = 0;
		};
/* End PBXResourcesBuildPhase section */

/* Begin PBXSourcesBuildPhase section */
		EDFE9EA922521BC7008AE763 /* Sources */ = {
			isa = PBXSourcesBuildPhase;
			buildActionMask = 2147483647;
			files = (
				EDFE9EB322521BC7008AE763 /* ViewController.swift in Sources */,
				EDFE9EB122521BC7008AE763 /* AppDelegate.swift in Sources */,
			);
			runOnlyForDeploymentPostprocessing = 0;
		};
/* End PBXSourcesBuildPhase section */

/* Begin PBXVariantGroup section */
		EDFE9EB422521BC7008AE763 /* Main.storyboard */ = {
			isa = PBXVariantGroup;
			children = (
				EDFE9EB522521BC7008AE763 /* Base */,
			);
			name = Main.storyboard;
			sourceTree = "<group>";
		};
		EDFE9EB922521BC8008AE763 /* LaunchScreen.storyboard */ = {
			isa = PBXVariantGroup;
			children = (
				EDFE9EBA22521BC8008AE763 /* Base */,
			);
			name = LaunchScreen.storyboard;
			sourceTree = "<group>";
		};
/* End PBXVariantGroup section */

/* Begin XCBuildConfiguration section */
		EDFE9EBD22521BC8008AE763 /* Debug */ = {
			isa = XCBuildConfiguration;
			buildSettings = {
				ALWAYS_SEARCH_USER_PATHS = NO;
				CLANG_ANALYZER_NONNULL = YES;
				CLANG_ANALYZER_NUMBER_OBJECT_CONVERSION = YES_AGGRESSIVE;
				CLANG_CXX_LANGUAGE_STANDARD = "gnu++14";
				CLANG_CXX_LIBRARY = "libc++";
				CLANG_ENABLE_MODULES = YES;
				CLANG_ENABLE_OBJC_ARC = YES;
				CLANG_ENABLE_OBJC_WEAK = YES;
				CLANG_WARN_BLOCK_CAPTURE_AUTORELEASING = YES;
				CLANG_WARN_BOOL_CONVERSION = YES;
				CLANG_WARN_COMMA = YES;
				CLANG_WARN_CONSTANT_CONVERSION = YES;
				CLANG_WARN_DEPRECATED_OBJC_IMPLEMENTATIONS = YES;
				CLANG_WARN_DIRECT_OBJC_ISA_USAGE = YES_ERROR;
				CLANG_WARN_DOCUMENTATION_COMMENTS = YES;
				CLANG_WARN_EMPTY_BODY = YES;
				CLANG_WARN_ENUM_CONVERSION = YES;
				CLANG_WARN_INFINITE_RECURSION = YES;
				CLANG_WARN_INT_CONVERSION = YES;
				CLANG_WARN_NON_LITERAL_NULL_CONVERSION = YES;
				CLANG_WARN_OBJC_IMPLICIT_RETAIN_SELF = YES;
				CLANG_WARN_OBJC_LITERAL_CONVERSION = YES;
				CLANG_WARN_OBJC_ROOT_CLASS = YES_ERROR;
				CLANG_WARN_RANGE_LOOP_ANALYSIS = YES;
				CLANG_WARN_STRICT_PROTOTYPES = YES;
				CLANG_WARN_SUSPICIOUS_MOVE = YES;
				CLANG_WARN_UNGUARDED_AVAILABILITY = YES_AGGRESSIVE;
				CLANG_WARN_UNREACHABLE_CODE = YES;
				CLANG_WARN__DUPLICATE_METHOD_MATCH = YES;
				CODE_SIGN_IDENTITY = "iPhone Developer";
				COPY_PHASE_STRIP = NO;
				DEBUG_INFORMATION_FORMAT = dwarf;
				ENABLE_STRICT_OBJC_MSGSEND = YES;
				ENABLE_TESTABILITY = YES;
				GCC_C_LANGUAGE_STANDARD = gnu11;
				GCC_DYNAMIC_NO_PIC = NO;
				GCC_NO_COMMON_BLOCKS = YES;
				GCC_OPTIMIZATION_LEVEL = 0;
				GCC_PREPROCESSOR_DEFINITIONS = (
					"DEBUG=1",
					"$(inherited)",
				);
				GCC_WARN_64_TO_32_BIT_CONVERSION = YES;
				GCC_WARN_ABOUT_RETURN_TYPE = YES_ERROR;
				GCC_WARN_UNDECLARED_SELECTOR = YES;
				GCC_WARN_UNINITIALIZED_AUTOS = YES_AGGRESSIVE;
				GCC_WARN_UNUSED_FUNCTION = YES;
				GCC_WARN_UNUSED_VARIABLE = YES;
				IPHONEOS_DEPLOYMENT_TARGET = 12.1;
				MTL_ENABLE_DEBUG_INFO = INCLUDE_SOURCE;
				MTL_FAST_MATH = YES;
				ONLY_ACTIVE_ARCH = YES;
				SDKROOT = iphoneos;
				SWIFT_ACTIVE_COMPILATION_CONDITIONS = DEBUG;
				SWIFT_OPTIMIZATION_LEVEL = "-Onone";
			};
			name = Debug;
		};
		EDFE9EBE22521BC8008AE763 /* Release */ = {
			isa = XCBuildConfiguration;
			buildSettings = {
				ALWAYS_SEARCH_USER_PATHS = NO;
				CLANG_ANALYZER_NONNULL = YES;
				CLANG_ANALYZER_NUMBER_OBJECT_CONVERSION = YES_AGGRESSIVE;
				CLANG_CXX_LANGUAGE_STANDARD = "gnu++14";
				CLANG_CXX_LIBRARY = "libc++";
				CLANG_ENABLE_MODULES = YES;
				CLANG_ENABLE_OBJC_ARC = YES;
				CLANG_ENABLE_OBJC_WEAK = YES;
				CLANG_WARN_BLOCK_CAPTURE_AUTORELEASING = YES;
				CLANG_WARN_BOOL_CONVERSION = YES;
				CLANG_WARN_COMMA = YES;
				CLANG_WARN_CONSTANT_CONVERSION = YES;
				CLANG_WARN_DEPRECATED_OBJC_IMPLEMENTATIONS = YES;
				CLANG_WARN_DIRECT_OBJC_ISA_USAGE = YES_ERROR;
				CLANG_WARN_DOCUMENTATION_COMMENTS = YES;
				CLANG_WARN_EMPTY_BODY = YES;
				CLANG_WARN_ENUM_CONVERSION = YES;
				CLANG_WARN_INFINITE_RECURSION = YES;
				CLANG_WARN_INT_CONVERSION = YES;
				CLANG_WARN_NON_LITERAL_NULL_CONVERSION = YES;
				CLANG_WARN_OBJC_IMPLICIT_RETAIN_SELF = YES;
				CLANG_WARN_OBJC_LITERAL_CONVERSION = YES;
				CLANG_WARN_OBJC_ROOT_CLASS = YES_ERROR;
				CLANG_WARN_RANGE_LOOP_ANALYSIS = YES;
				CLANG_WARN_STRICT_PROTOTYPES = YES;
				CLANG_WARN_SUSPICIOUS_MOVE = YES;
				CLANG_WARN_UNGUARDED_AVAILABILITY = YES_AGGRESSIVE;
				CLANG_WARN_UNREACHABLE_CODE = YES;
				CLANG_WARN__DUPLICATE_METHOD_MATCH = YES;
				CODE_SIGN_IDENTITY = "iPhone Developer";
				COPY_PHASE_STRIP = NO;
				DEBUG_INFORMATION_FORMAT = "dwarf-with-dsym";
				ENABLE_NS_ASSERTIONS = NO;
				ENABLE_STRICT_OBJC_MSGSEND = YES;
				GCC_C_LANGUAGE_STANDARD = gnu11;
				GCC_NO_COMMON_BLOCKS = YES;
				GCC_WARN_64_TO_32_BIT_CONVERSION = YES;
				GCC_WARN_ABOUT_RETURN_TYPE = YES_ERROR;
				GCC_WARN_UNDECLARED_SELECTOR = YES;
				GCC_WARN_UNINITIALIZED_AUTOS = YES_AGGRESSIVE;
				GCC_WARN_UNUSED_FUNCTION = YES;
				GCC_WARN_UNUSED_VARIABLE = YES;
				IPHONEOS_DEPLOYMENT_TARGET = 12.1;
				MTL_ENABLE_DEBUG_INFO = NO;
				MTL_FAST_MATH = YES;
				SDKROOT = iphoneos;
				SWIFT_COMPILATION_MODE = wholemodule;
				SWIFT_OPTIMIZATION_LEVEL = "-O";
				VALIDATE_PRODUCT = YES;
			};
			name = Release;
		};
		EDFE9EC022521BC8008AE763 /* Debug */ = {
			isa = XCBuildConfiguration;
			buildSettings = {
				ASSETCATALOG_COMPILER_APPICON_NAME = AppIcon;
				CODE_SIGN_STYLE = Automatic;
				DEVELOPMENT_TEAM = 8NN7WLHYCN;
				INFOPLIST_FILE = "Pet Recognizer/Info.plist";
				LD_RUNPATH_SEARCH_PATHS = (
					"$(inherited)",
					"@executable_path/Frameworks",
				);
				PRODUCT_BUNDLE_IDENTIFIER = "com.westcostyle.Pet-Recognizer";
				PRODUCT_NAME = "$(TARGET_NAME)";
				SWIFT_VERSION = 4.2;
				TARGETED_DEVICE_FAMILY = "1,2";
			};
			name = Debug;
		};
		EDFE9EC122521BC8008AE763 /* Release */ = {
			isa = XCBuildConfiguration;
			buildSettings = {
				ASSETCATALOG_COMPILER_APPICON_NAME = AppIcon;
				CODE_SIGN_STYLE = Automatic;
				DEVELOPMENT_TEAM = 8NN7WLHYCN;
				INFOPLIST_FILE = "Pet Recognizer/Info.plist";
				LD_RUNPATH_SEARCH_PATHS = (
					"$(inherited)",
					"@executable_path/Frameworks",
				);
				PRODUCT_BUNDLE_IDENTIFIER = "com.westcostyle.Pet-Recognizer";
				PRODUCT_NAME = "$(TARGET_NAME)";
				SWIFT_VERSION = 4.2;
				TARGETED_DEVICE_FAMILY = "1,2";
			};
			name = Release;
		};
/* End XCBuildConfiguration section */

/* Begin XCConfigurationList section */
		EDFE9EA822521BC7008AE763 /* Build configuration list for PBXProject "Pet Recognizer" */ = {
			isa = XCConfigurationList;
			buildConfigurations = (
				EDFE9EBD22521BC8008AE763 /* Debug */,
				EDFE9EBE22521BC8008AE763 /* Release */,
			);
			defaultConfigurationIsVisible = 0;
			defaultConfigurationName = Release;
		};
		EDFE9EBF22521BC8008AE763 /* Build configuration list for PBXNativeTarget "Pet Recognizer" */ = {
			isa = XCConfigurationList;
			buildConfigurations = (
				EDFE9EC022521BC8008AE763 /* Debug */,
				EDFE9EC122521BC8008AE763 /* Release */,
			);
			defaultConfigurationIsVisible = 0;
			defaultConfigurationName = Release;
		};
/* End XCConfigurationList section */
	};
	rootObject = EDFE9EA522521BC7008AE763 /* Project object */;
}
